// !$*UTF8*$!
{
	archiveVersion = 1;
	classes = {
	};
	objectVersion = 50;
	objects = {

/* Begin PBXBuildFile section */
		249C65B525EF7116003CDFDA /* LandmarksApp.swift in Sources */ = {isa = PBXBuildFile; fileRef = 249C65B425EF7116003CDFDA /* LandmarksApp.swift */; };
		249C65B725EF7116003CDFDA /* ContentView.swift in Sources */ = {isa = PBXBuildFile; fileRef = 249C65B625EF7116003CDFDA /* ContentView.swift */; };
		249C65B925EF7117003CDFDA /* Assets.xcassets in Resources */ = {isa = PBXBuildFile; fileRef = 249C65B825EF7117003CDFDA /* Assets.xcassets */; };
		249C65BC25EF7117003CDFDA /* Preview Assets.xcassets in Resources */ = {isa = PBXBuildFile; fileRef = 249C65BB25EF7117003CDFDA /* Preview Assets.xcassets */; };
		249C65C725EF7118003CDFDA /* LandmarksTests.swift in Sources */ = {isa = PBXBuildFile; fileRef = 249C65C625EF7118003CDFDA /* LandmarksTests.swift */; };
		249C65D225EF7118003CDFDA /* LandmarksUITests.swift in Sources */ = {isa = PBXBuildFile; fileRef = 249C65D125EF7118003CDFDA /* LandmarksUITests.swift */; };
		249C65E325EF744F003CDFDA /* CircleImage.swift in Sources */ = {isa = PBXBuildFile; fileRef = 249C65E225EF744F003CDFDA /* CircleImage.swift */; };
		249C65E825EF7569003CDFDA /* MapView.swift in Sources */ = {isa = PBXBuildFile; fileRef = 249C65E725EF7569003CDFDA /* MapView.swift */; };
		249C65ED25EF8093003CDFDA /* landmarkData.json in Resources */ = {isa = PBXBuildFile; fileRef = 249C65EC25EF8093003CDFDA /* landmarkData.json */; };
		249C65F225EF80B5003CDFDA /* Landmark.swift in Sources */ = {isa = PBXBuildFile; fileRef = 249C65F125EF80B5003CDFDA /* Landmark.swift */; };
		249C65F725EF82AF003CDFDA /* ModelData.swift in Sources */ = {isa = PBXBuildFile; fileRef = 249C65F625EF82AF003CDFDA /* ModelData.swift */; };
		249C660325EF846A003CDFDA /* LandmarkRow.swift in Sources */ = {isa = PBXBuildFile; fileRef = 249C660225EF846A003CDFDA /* LandmarkRow.swift */; };
		249C660B25EF8A61003CDFDA /* LandmarkList.swift in Sources */ = {isa = PBXBuildFile; fileRef = 249C660A25EF8A61003CDFDA /* LandmarkList.swift */; };
		249C661325EF8B4E003CDFDA /* LandmarkDetail.swift in Sources */ = {isa = PBXBuildFile; fileRef = 249C661225EF8B4D003CDFDA /* LandmarkDetail.swift */; };
		249C661E25EFA275003CDFDA /* FavoriteBotton.swift in Sources */ = {isa = PBXBuildFile; fileRef = 249C661D25EFA275003CDFDA /* FavoriteBotton.swift */; };
		249C662E25F076D1003CDFDA /* HexagonParameters.swift in Sources */ = {isa = PBXBuildFile; fileRef = 249C662D25F076D1003CDFDA /* HexagonParameters.swift */; };
		249C663325F07AF6003CDFDA /* BadgeBackground.swift in Sources */ = {isa = PBXBuildFile; fileRef = 249C663225F07AF6003CDFDA /* BadgeBackground.swift */; };
		249C663825F0834E003CDFDA /* BadgeSymbol.swift in Sources */ = {isa = PBXBuildFile; fileRef = 249C663725F0834E003CDFDA /* BadgeSymbol.swift */; };
		249C663D25F0845B003CDFDA /* RotatedBadgeSymbol.swift in Sources */ = {isa = PBXBuildFile; fileRef = 249C663C25F0845B003CDFDA /* RotatedBadgeSymbol.swift */; };
		249C664225F084FD003CDFDA /* Badge.swift in Sources */ = {isa = PBXBuildFile; fileRef = 249C664125F084FD003CDFDA /* Badge.swift */; };
		249C664B25F08A95003CDFDA /* hikeData.json in Resources */ = {isa = PBXBuildFile; fileRef = 249C664A25F08A95003CDFDA /* hikeData.json */; };
		249C665125F08B02003CDFDA /* Hike.swift in Sources */ = {isa = PBXBuildFile; fileRef = 249C665025F08B02003CDFDA /* Hike.swift */; };
		249C665D25F08C6F003CDFDA /* GraphCapsule.swift in Sources */ = {isa = PBXBuildFile; fileRef = 249C665925F08C6F003CDFDA /* GraphCapsule.swift */; };
		249C665E25F08C6F003CDFDA /* HikeGraph.swift in Sources */ = {isa = PBXBuildFile; fileRef = 249C665A25F08C6F003CDFDA /* HikeGraph.swift */; };
		249C665F25F08C6F003CDFDA /* HikeDetail.swift in Sources */ = {isa = PBXBuildFile; fileRef = 249C665B25F08C6F003CDFDA /* HikeDetail.swift */; };
		249C666025F08C6F003CDFDA /* HikeView.swift in Sources */ = {isa = PBXBuildFile; fileRef = 249C665C25F08C6F003CDFDA /* HikeView.swift */; };
		249C666825F0B32D003CDFDA /* CategoryHome.swift in Sources */ = {isa = PBXBuildFile; fileRef = 249C666725F0B32D003CDFDA /* CategoryHome.swift */; };
		249C666D25F0B5DB003CDFDA /* CategoryRow.swift in Sources */ = {isa = PBXBuildFile; fileRef = 249C666C25F0B5DB003CDFDA /* CategoryRow.swift */; };
		249C667225F0B702003CDFDA /* CategoryItem.swift in Sources */ = {isa = PBXBuildFile; fileRef = 249C667125F0B702003CDFDA /* CategoryItem.swift */; };
		249C667725F0C743003CDFDA /* Profile.swift in Sources */ = {isa = PBXBuildFile; fileRef = 249C667625F0C743003CDFDA /* Profile.swift */; };
		249C66A425F0ECB7003CDFDA /* PageViewController.swift in Sources */ = {isa = PBXBuildFile; fileRef = 249C66A325F0ECB7003CDFDA /* PageViewController.swift */; };
		249C66AC25F0EEA0003CDFDA /* FeatureCard.swift in Sources */ = {isa = PBXBuildFile; fileRef = 249C66AB25F0EEA0003CDFDA /* FeatureCard.swift */; };
		249C66B425F0F1EC003CDFDA /* PageView.swift in Sources */ = {isa = PBXBuildFile; fileRef = 249C66B325F0F1EC003CDFDA /* PageView.swift */; };
/* End PBXBuildFile section */

/* Begin PBXContainerItemProxy section */
		249C65C325EF7118003CDFDA /* PBXContainerItemProxy */ = {
			isa = PBXContainerItemProxy;
			containerPortal = 249C65A925EF7116003CDFDA /* Project object */;
			proxyType = 1;
			remoteGlobalIDString = 249C65B025EF7116003CDFDA;
			remoteInfo = Landmarks;
		};
		249C65CE25EF7118003CDFDA /* PBXContainerItemProxy */ = {
			isa = PBXContainerItemProxy;
			containerPortal = 249C65A925EF7116003CDFDA /* Project object */;
			proxyType = 1;
			remoteGlobalIDString = 249C65B025EF7116003CDFDA;
			remoteInfo = Landmarks;
		};
/* End PBXContainerItemProxy section */

/* Begin PBXFileReference section */
		249C65B125EF7116003CDFDA /* Landmarks.app */ = {isa = PBXFileReference; explicitFileType = wrapper.application; includeInIndex = 0; path = Landmarks.app; sourceTree = BUILT_PRODUCTS_DIR; };
		249C65B425EF7116003CDFDA /* LandmarksApp.swift */ = {isa = PBXFileReference; lastKnownFileType = sourcecode.swift; path = LandmarksApp.swift; sourceTree = "<group>"; };
		249C65B625EF7116003CDFDA /* ContentView.swift */ = {isa = PBXFileReference; lastKnownFileType = sourcecode.swift; path = ContentView.swift; sourceTree = "<group>"; };
		249C65B825EF7117003CDFDA /* Assets.xcassets */ = {isa = PBXFileReference; lastKnownFileType = folder.assetcatalog; path = Assets.xcassets; sourceTree = "<group>"; };
		249C65BB25EF7117003CDFDA /* Preview Assets.xcassets */ = {isa = PBXFileReference; lastKnownFileType = folder.assetcatalog; path = "Preview Assets.xcassets"; sourceTree = "<group>"; };
		249C65BD25EF7117003CDFDA /* Info.plist */ = {isa = PBXFileReference; lastKnownFileType = text.plist.xml; path = Info.plist; sourceTree = "<group>"; };
		249C65C225EF7118003CDFDA /* LandmarksTests.xctest */ = {isa = PBXFileReference; explicitFileType = wrapper.cfbundle; includeInIndex = 0; path = LandmarksTests.xctest; sourceTree = BUILT_PRODUCTS_DIR; };
		249C65C625EF7118003CDFDA /* LandmarksTests.swift */ = {isa = PBXFileReference; lastKnownFileType = sourcecode.swift; path = LandmarksTests.swift; sourceTree = "<group>"; };
		249C65C825EF7118003CDFDA /* Info.plist */ = {isa = PBXFileReference; lastKnownFileType = text.plist.xml; path = Info.plist; sourceTree = "<group>"; };
		249C65CD25EF7118003CDFDA /* LandmarksUITests.xctest */ = {isa = PBXFileReference; explicitFileType = wrapper.cfbundle; includeInIndex = 0; path = LandmarksUITests.xctest; sourceTree = BUILT_PRODUCTS_DIR; };
		249C65D125EF7118003CDFDA /* LandmarksUITests.swift */ = {isa = PBXFileReference; lastKnownFileType = sourcecode.swift; path = LandmarksUITests.swift; sourceTree = "<group>"; };
		249C65D325EF7118003CDFDA /* Info.plist */ = {isa = PBXFileReference; lastKnownFileType = text.plist.xml; path = Info.plist; sourceTree = "<group>"; };
		249C65E225EF744F003CDFDA /* CircleImage.swift */ = {isa = PBXFileReference; lastKnownFileType = sourcecode.swift; path = CircleImage.swift; sourceTree = "<group>"; };
		249C65E725EF7569003CDFDA /* MapView.swift */ = {isa = PBXFileReference; lastKnownFileType = sourcecode.swift; path = MapView.swift; sourceTree = "<group>"; };
		249C65EC25EF8093003CDFDA /* landmarkData.json */ = {isa = PBXFileReference; fileEncoding = 4; lastKnownFileType = text.json; path = landmarkData.json; sourceTree = "<group>"; };
		249C65F125EF80B5003CDFDA /* Landmark.swift */ = {isa = PBXFileReference; lastKnownFileType = sourcecode.swift; path = Landmark.swift; sourceTree = "<group>"; };
		249C65F625EF82AF003CDFDA /* ModelData.swift */ = {isa = PBXFileReference; lastKnownFileType = sourcecode.swift; path = ModelData.swift; sourceTree = "<group>"; };
		249C660225EF846A003CDFDA /* LandmarkRow.swift */ = {isa = PBXFileReference; lastKnownFileType = sourcecode.swift; path = LandmarkRow.swift; sourceTree = "<group>"; };
		249C660A25EF8A61003CDFDA /* LandmarkList.swift */ = {isa = PBXFileReference; lastKnownFileType = sourcecode.swift; path = LandmarkList.swift; sourceTree = "<group>"; };
		249C661225EF8B4D003CDFDA /* LandmarkDetail.swift */ = {isa = PBXFileReference; lastKnownFileType = sourcecode.swift; path = LandmarkDetail.swift; sourceTree = "<group>"; };
		249C661D25EFA275003CDFDA /* FavoriteBotton.swift */ = {isa = PBXFileReference; lastKnownFileType = sourcecode.swift; path = FavoriteBotton.swift; sourceTree = "<group>"; };
		249C662D25F076D1003CDFDA /* HexagonParameters.swift */ = {isa = PBXFileReference; lastKnownFileType = sourcecode.swift; path = HexagonParameters.swift; sourceTree = "<group>"; };
		249C663225F07AF6003CDFDA /* BadgeBackground.swift */ = {isa = PBXFileReference; lastKnownFileType = sourcecode.swift; path = BadgeBackground.swift; sourceTree = "<group>"; };
		249C663725F0834E003CDFDA /* BadgeSymbol.swift */ = {isa = PBXFileReference; lastKnownFileType = sourcecode.swift; path = BadgeSymbol.swift; sourceTree = "<group>"; };
		249C663C25F0845B003CDFDA /* RotatedBadgeSymbol.swift */ = {isa = PBXFileReference; lastKnownFileType = sourcecode.swift; path = RotatedBadgeSymbol.swift; sourceTree = "<group>"; };
		249C664125F084FD003CDFDA /* Badge.swift */ = {isa = PBXFileReference; lastKnownFileType = sourcecode.swift; path = Badge.swift; sourceTree = "<group>"; };
		249C664A25F08A95003CDFDA /* hikeData.json */ = {isa = PBXFileReference; fileEncoding = 4; lastKnownFileType = text.json; path = hikeData.json; sourceTree = "<group>"; };
		249C665025F08B02003CDFDA /* Hike.swift */ = {isa = PBXFileReference; lastKnownFileType = sourcecode.swift; path = Hike.swift; sourceTree = "<group>"; };
		249C665925F08C6F003CDFDA /* GraphCapsule.swift */ = {isa = PBXFileReference; fileEncoding = 4; lastKnownFileType = sourcecode.swift; path = GraphCapsule.swift; sourceTree = "<group>"; };
		249C665A25F08C6F003CDFDA /* HikeGraph.swift */ = {isa = PBXFileReference; fileEncoding = 4; lastKnownFileType = sourcecode.swift; path = HikeGraph.swift; sourceTree = "<group>"; };
		249C665B25F08C6F003CDFDA /* HikeDetail.swift */ = {isa = PBXFileReference; fileEncoding = 4; lastKnownFileType = sourcecode.swift; path = HikeDetail.swift; sourceTree = "<group>"; };
		249C665C25F08C6F003CDFDA /* HikeView.swift */ = {isa = PBXFileReference; fileEncoding = 4; lastKnownFileType = sourcecode.swift; path = HikeView.swift; sourceTree = "<group>"; };
		249C666725F0B32D003CDFDA /* CategoryHome.swift */ = {isa = PBXFileReference; lastKnownFileType = sourcecode.swift; path = CategoryHome.swift; sourceTree = "<group>"; };
		249C666C25F0B5DB003CDFDA /* CategoryRow.swift */ = {isa = PBXFileReference; lastKnownFileType = sourcecode.swift; path = CategoryRow.swift; sourceTree = "<group>"; };
		249C667125F0B702003CDFDA /* CategoryItem.swift */ = {isa = PBXFileReference; lastKnownFileType = sourcecode.swift; path = CategoryItem.swift; sourceTree = "<group>"; };
		249C667625F0C743003CDFDA /* Profile.swift */ = {isa = PBXFileReference; lastKnownFileType = sourcecode.swift; path = Profile.swift; sourceTree = "<group>"; };
		249C66A325F0ECB7003CDFDA /* PageViewController.swift */ = {isa = PBXFileReference; lastKnownFileType = sourcecode.swift; path = PageViewController.swift; sourceTree = "<group>"; };
		249C66AB25F0EEA0003CDFDA /* FeatureCard.swift */ = {isa = PBXFileReference; lastKnownFileType = sourcecode.swift; path = FeatureCard.swift; sourceTree = "<group>"; };
		249C66B325F0F1EC003CDFDA /* PageView.swift */ = {isa = PBXFileReference; lastKnownFileType = sourcecode.swift; path = PageView.swift; sourceTree = "<group>"; };
/* End PBXFileReference section */

/* Begin PBXFrameworksBuildPhase section */
		249C65AE25EF7116003CDFDA /* Frameworks */ = {
			isa = PBXFrameworksBuildPhase;
			buildActionMask = 2147483647;
			files = (
			);
			runOnlyForDeploymentPostprocessing = 0;
		};
		249C65BF25EF7118003CDFDA /* Frameworks */ = {
			isa = PBXFrameworksBuildPhase;
			buildActionMask = 2147483647;
			files = (
			);
			runOnlyForDeploymentPostprocessing = 0;
		};
		249C65CA25EF7118003CDFDA /* Frameworks */ = {
			isa = PBXFrameworksBuildPhase;
			buildActionMask = 2147483647;
			files = (
			);
			runOnlyForDeploymentPostprocessing = 0;
		};
/* End PBXFrameworksBuildPhase section */

/* Begin PBXGroup section */
		249C65A825EF7116003CDFDA = {
			isa = PBXGroup;
			children = (
				249C65B325EF7116003CDFDA /* Landmarks */,
				249C65C525EF7118003CDFDA /* LandmarksTests */,
				249C65D025EF7118003CDFDA /* LandmarksUITests */,
				249C65B225EF7116003CDFDA /* Products */,
			);
			sourceTree = "<group>";
		};
		249C65B225EF7116003CDFDA /* Products */ = {
			isa = PBXGroup;
			children = (
				249C65B125EF7116003CDFDA /* Landmarks.app */,
				249C65C225EF7118003CDFDA /* LandmarksTests.xctest */,
				249C65CD25EF7118003CDFDA /* LandmarksUITests.xctest */,
			);
			name = Products;
			sourceTree = "<group>";
		};
		249C65B325EF7116003CDFDA /* Landmarks */ = {
			isa = PBXGroup;
			children = (
				249C65B425EF7116003CDFDA /* LandmarksApp.swift */,
				249C65FB25EF83E0003CDFDA /* Views */,
				249C65FE25EF841F003CDFDA /* Model */,
				249C65FD25EF8410003CDFDA /* Resources */,
				249C65B825EF7117003CDFDA /* Assets.xcassets */,
				249C65BD25EF7117003CDFDA /* Info.plist */,
				249C65BA25EF7117003CDFDA /* Preview Content */,
			);
			path = Landmarks;
			sourceTree = "<group>";
		};
		249C65BA25EF7117003CDFDA /* Preview Content */ = {
			isa = PBXGroup;
			children = (
				249C65BB25EF7117003CDFDA /* Preview Assets.xcassets */,
			);
			path = "Preview Content";
			sourceTree = "<group>";
		};
		249C65C525EF7118003CDFDA /* LandmarksTests */ = {
			isa = PBXGroup;
			children = (
				249C65C625EF7118003CDFDA /* LandmarksTests.swift */,
				249C65C825EF7118003CDFDA /* Info.plist */,
			);
			path = LandmarksTests;
			sourceTree = "<group>";
		};
		249C65D025EF7118003CDFDA /* LandmarksUITests */ = {
			isa = PBXGroup;
			children = (
				249C65D125EF7118003CDFDA /* LandmarksUITests.swift */,
				249C65D325EF7118003CDFDA /* Info.plist */,
			);
			path = LandmarksUITests;
			sourceTree = "<group>";
		};
		249C65FB25EF83E0003CDFDA /* Views */ = {
			isa = PBXGroup;
			children = (
				249C65B625EF7116003CDFDA /* ContentView.swift */,
				249C664625F08688003CDFDA /* Badges */,
				249C669525F0D2C3003CDFDA /* Category */,
				249C662625EFA322003CDFDA /* Helpers */,
				249C665825F08C6F003CDFDA /* Hikes */,
				249C662225EFA313003CDFDA /* Landmarks */,
				249C66A225F0EC7D003CDFDA /* PageView */,
				249C669E25F0EBB5003CDFDA /* Profile */,
			);
			path = Views;
			sourceTree = "<group>";
		};
		249C65FD25EF8410003CDFDA /* Resources */ = {
			isa = PBXGroup;
			children = (
				249C664A25F08A95003CDFDA /* hikeData.json */,
				249C65EC25EF8093003CDFDA /* landmarkData.json */,
			);
			path = Resources;
			sourceTree = "<group>";
		};
		249C65FE25EF841F003CDFDA /* Model */ = {
			isa = PBXGroup;
			children = (
			);
			path = Model;
			sourceTree = "<group>";
		};
		249C662225EFA313003CDFDA /* Landmarks */ = {
			isa = PBXGroup;
			children = (
				249C661225EF8B4D003CDFDA /* LandmarkDetail.swift */,
				249C660A25EF8A61003CDFDA /* LandmarkList.swift */,
				249C660225EF846A003CDFDA /* LandmarkRow.swift */,
			);
			path = Landmarks;
			sourceTree = "<group>";
		};
		249C662625EFA322003CDFDA /* Helpers */ = {
			isa = PBXGroup;
			children = (
				249C65E225EF744F003CDFDA /* CircleImage.swift */,
				249C65E725EF7569003CDFDA /* MapView.swift */,
				249C661D25EFA275003CDFDA /* FavoriteBotton.swift */,
			);
			path = Helpers;
			sourceTree = "<group>";
		};
		249C664625F08688003CDFDA /* Badges */ = {
			isa = PBXGroup;
			children = (
				249C662D25F076D1003CDFDA /* HexagonParameters.swift */,
				249C664125F084FD003CDFDA /* Badge.swift */,
				249C663225F07AF6003CDFDA /* BadgeBackground.swift */,
				249C663725F0834E003CDFDA /* BadgeSymbol.swift */,
				249C663C25F0845B003CDFDA /* RotatedBadgeSymbol.swift */,
			);
			path = Badges;
			sourceTree = "<group>";
		};
		249C665825F08C6F003CDFDA /* Hikes */ = {
			isa = PBXGroup;
			children = (
				249C665925F08C6F003CDFDA /* GraphCapsule.swift */,
				249C665A25F08C6F003CDFDA /* HikeGraph.swift */,
				249C665B25F08C6F003CDFDA /* HikeDetail.swift */,
				249C665C25F08C6F003CDFDA /* HikeView.swift */,
			);
			path = Hikes;
			sourceTree = "<group>";
		};
		249C669525F0D2C3003CDFDA /* Category */ = {
			isa = PBXGroup;
			children = (
				249C666725F0B32D003CDFDA /* CategoryHome.swift */,
				249C666C25F0B5DB003CDFDA /* CategoryRow.swift */,
				249C667125F0B702003CDFDA /* CategoryItem.swift */,
			);
			path = Category;
			sourceTree = "<group>";
		};
		249C669E25F0EBB5003CDFDA /* Profile */ = {
			isa = PBXGroup;
			children = (
				249C665025F08B02003CDFDA /* Hike.swift */,
				249C667625F0C743003CDFDA /* Profile.swift */,
				249C65F125EF80B5003CDFDA /* Landmark.swift */,
				249C65F625EF82AF003CDFDA /* ModelData.swift */,
			);
			path = Profile;
			sourceTree = "<group>";
		};
		249C66A225F0EC7D003CDFDA /* PageView */ = {
			isa = PBXGroup;
			children = (
				249C66A325F0ECB7003CDFDA /* PageViewController.swift */,
				249C66AB25F0EEA0003CDFDA /* FeatureCard.swift */,
				249C66B325F0F1EC003CDFDA /* PageView.swift */,
			);
			path = PageView;
			sourceTree = "<group>";
		};
/* End PBXGroup section */

/* Begin PBXNativeTarget section */
		249C65B025EF7116003CDFDA /* Landmarks */ = {
			isa = PBXNativeTarget;
			buildConfigurationList = 249C65D625EF7118003CDFDA /* Build configuration list for PBXNativeTarget "Landmarks" */;
			buildPhases = (
				249C65AD25EF7116003CDFDA /* Sources */,
				249C65AE25EF7116003CDFDA /* Frameworks */,
				249C65AF25EF7116003CDFDA /* Resources */,
			);
			buildRules = (
			);
			dependencies = (
			);
			name = Landmarks;
			productName = Landmarks;
			productReference = 249C65B125EF7116003CDFDA /* Landmarks.app */;
			productType = "com.apple.product-type.application";
		};
		249C65C125EF7118003CDFDA /* LandmarksTests */ = {
			isa = PBXNativeTarget;
			buildConfigurationList = 249C65D925EF7118003CDFDA /* Build configuration list for PBXNativeTarget "LandmarksTests" */;
			buildPhases = (
				249C65BE25EF7118003CDFDA /* Sources */,
				249C65BF25EF7118003CDFDA /* Frameworks */,
				249C65C025EF7118003CDFDA /* Resources */,
			);
			buildRules = (
			);
			dependencies = (
				249C65C425EF7118003CDFDA /* PBXTargetDependency */,
			);
			name = LandmarksTests;
			productName = LandmarksTests;
			productReference = 249C65C225EF7118003CDFDA /* LandmarksTests.xctest */;
			productType = "com.apple.product-type.bundle.unit-test";
		};
		249C65CC25EF7118003CDFDA /* LandmarksUITests */ = {
			isa = PBXNativeTarget;
			buildConfigurationList = 249C65DC25EF7118003CDFDA /* Build configuration list for PBXNativeTarget "LandmarksUITests" */;
			buildPhases = (
				249C65C925EF7118003CDFDA /* Sources */,
				249C65CA25EF7118003CDFDA /* Frameworks */,
				249C65CB25EF7118003CDFDA /* Resources */,
			);
			buildRules = (
			);
			dependencies = (
				249C65CF25EF7118003CDFDA /* PBXTargetDependency */,
			);
			name = LandmarksUITests;
			productName = LandmarksUITests;
			productReference = 249C65CD25EF7118003CDFDA /* LandmarksUITests.xctest */;
			productType = "com.apple.product-type.bundle.ui-testing";
		};
/* End PBXNativeTarget section */

/* Begin PBXProject section */
		249C65A925EF7116003CDFDA /* Project object */ = {
			isa = PBXProject;
			attributes = {
				LastSwiftUpdateCheck = 1240;
				LastUpgradeCheck = 1240;
				TargetAttributes = {
					249C65B025EF7116003CDFDA = {
						CreatedOnToolsVersion = 12.4;
					};
					249C65C125EF7118003CDFDA = {
						CreatedOnToolsVersion = 12.4;
						TestTargetID = 249C65B025EF7116003CDFDA;
					};
					249C65CC25EF7118003CDFDA = {
						CreatedOnToolsVersion = 12.4;
						TestTargetID = 249C65B025EF7116003CDFDA;
					};
				};
			};
			buildConfigurationList = 249C65AC25EF7116003CDFDA /* Build configuration list for PBXProject "Landmarks" */;
			compatibilityVersion = "Xcode 9.3";
			developmentRegion = en;
			hasScannedForEncodings = 0;
			knownRegions = (
				en,
				Base,
			);
			mainGroup = 249C65A825EF7116003CDFDA;
			productRefGroup = 249C65B225EF7116003CDFDA /* Products */;
			projectDirPath = "";
			projectRoot = "";
			targets = (
				249C65B025EF7116003CDFDA /* Landmarks */,
				249C65C125EF7118003CDFDA /* LandmarksTests */,
				249C65CC25EF7118003CDFDA /* LandmarksUITests */,
			);
		};
/* End PBXProject section */

/* Begin PBXResourcesBuildPhase section */
		249C65AF25EF7116003CDFDA /* Resources */ = {
			isa = PBXResourcesBuildPhase;
			buildActionMask = 2147483647;
			files = (
				249C664B25F08A95003CDFDA /* hikeData.json in Resources */,
				249C65BC25EF7117003CDFDA /* Preview Assets.xcassets in Resources */,
				249C65B925EF7117003CDFDA /* Assets.xcassets in Resources */,
				249C65ED25EF8093003CDFDA /* landmarkData.json in Resources */,
			);
			runOnlyForDeploymentPostprocessing = 0;
		};
		249C65C025EF7118003CDFDA /* Resources */ = {
			isa = PBXResourcesBuildPhase;
			buildActionMask = 2147483647;
			files = (
			);
			runOnlyForDeploymentPostprocessing = 0;
		};
		249C65CB25EF7118003CDFDA /* Resources */ = {
			isa = PBXResourcesBuildPhase;
			buildActionMask = 2147483647;
			files = (
			);
			runOnlyForDeploymentPostprocessing = 0;
		};
/* End PBXResourcesBuildPhase section */

/* Begin PBXSourcesBuildPhase section */
		249C65AD25EF7116003CDFDA /* Sources */ = {
			isa = PBXSourcesBuildPhase;
			buildActionMask = 2147483647;
			files = (
				249C666D25F0B5DB003CDFDA /* CategoryRow.swift in Sources */,
				249C667725F0C743003CDFDA /* Profile.swift in Sources */,
				249C65B725EF7116003CDFDA /* ContentView.swift in Sources */,
				249C666825F0B32D003CDFDA /* CategoryHome.swift in Sources */,
				249C66AC25F0EEA0003CDFDA /* FeatureCard.swift in Sources */,
				249C665E25F08C6F003CDFDA /* HikeGraph.swift in Sources */,
				249C664225F084FD003CDFDA /* Badge.swift in Sources */,
				249C65E825EF7569003CDFDA /* MapView.swift in Sources */,
				249C665D25F08C6F003CDFDA /* GraphCapsule.swift in Sources */,
				249C65B525EF7116003CDFDA /* LandmarksApp.swift in Sources */,
				249C660B25EF8A61003CDFDA /* LandmarkList.swift in Sources */,
				249C667225F0B702003CDFDA /* CategoryItem.swift in Sources */,
				249C665F25F08C6F003CDFDA /* HikeDetail.swift in Sources */,
				249C662E25F076D1003CDFDA /* HexagonParameters.swift in Sources */,
				249C665125F08B02003CDFDA /* Hike.swift in Sources */,
				249C663D25F0845B003CDFDA /* RotatedBadgeSymbol.swift in Sources */,
				249C66B425F0F1EC003CDFDA /* PageView.swift in Sources */,
				249C663825F0834E003CDFDA /* BadgeSymbol.swift in Sources */,
				249C661325EF8B4E003CDFDA /* LandmarkDetail.swift in Sources */,
				249C666025F08C6F003CDFDA /* HikeView.swift in Sources */,
				249C65E325EF744F003CDFDA /* CircleImage.swift in Sources */,
				249C66A425F0ECB7003CDFDA /* PageViewController.swift in Sources */,
				249C663325F07AF6003CDFDA /* BadgeBackground.swift in Sources */,
				249C65F225EF80B5003CDFDA /* Landmark.swift in Sources */,
				249C661E25EFA275003CDFDA /* FavoriteBotton.swift in Sources */,
				249C660325EF846A003CDFDA /* LandmarkRow.swift in Sources */,
				249C65F725EF82AF003CDFDA /* ModelData.swift in Sources */,
			);
			runOnlyForDeploymentPostprocessing = 0;
		};
		249C65BE25EF7118003CDFDA /* Sources */ = {
			isa = PBXSourcesBuildPhase;
			buildActionMask = 2147483647;
			files = (
				249C65C725EF7118003CDFDA /* LandmarksTests.swift in Sources */,
			);
			runOnlyForDeploymentPostprocessing = 0;
		};
		249C65C925EF7118003CDFDA /* Sources */ = {
			isa = PBXSourcesBuildPhase;
			buildActionMask = 2147483647;
			files = (
				249C65D225EF7118003CDFDA /* LandmarksUITests.swift in Sources */,
			);
			runOnlyForDeploymentPostprocessing = 0;
		};
/* End PBXSourcesBuildPhase section */

/* Begin PBXTargetDependency section */
		249C65C425EF7118003CDFDA /* PBXTargetDependency */ = {
			isa = PBXTargetDependency;
			target = 249C65B025EF7116003CDFDA /* Landmarks */;
			targetProxy = 249C65C325EF7118003CDFDA /* PBXContainerItemProxy */;
		};
		249C65CF25EF7118003CDFDA /* PBXTargetDependency */ = {
			isa = PBXTargetDependency;
			target = 249C65B025EF7116003CDFDA /* Landmarks */;
			targetProxy = 249C65CE25EF7118003CDFDA /* PBXContainerItemProxy */;
		};
/* End PBXTargetDependency section */

/* Begin XCBuildConfiguration section */
		249C65D425EF7118003CDFDA /* Debug */ = {
			isa = XCBuildConfiguration;
			buildSettings = {
				ALWAYS_SEARCH_USER_PATHS = NO;
				CLANG_ANALYZER_NONNULL = YES;
				CLANG_ANALYZER_NUMBER_OBJECT_CONVERSION = YES_AGGRESSIVE;
				CLANG_CXX_LANGUAGE_STANDARD = "gnu++14";
				CLANG_CXX_LIBRARY = "libc++";
				CLANG_ENABLE_MODULES = YES;
				CLANG_ENABLE_OBJC_ARC = YES;
				CLANG_ENABLE_OBJC_WEAK = YES;
				CLANG_WARN_BLOCK_CAPTURE_AUTORELEASING = YES;
				CLANG_WARN_BOOL_CONVERSION = YES;
				CLANG_WARN_COMMA = YES;
				CLANG_WARN_CONSTANT_CONVERSION = YES;
				CLANG_WARN_DEPRECATED_OBJC_IMPLEMENTATIONS = YES;
				CLANG_WARN_DIRECT_OBJC_ISA_USAGE = YES_ERROR;
				CLANG_WARN_DOCUMENTATION_COMMENTS = YES;
				CLANG_WARN_EMPTY_BODY = YES;
				CLANG_WARN_ENUM_CONVERSION = YES;
				CLANG_WARN_INFINITE_RECURSION = YES;
				CLANG_WARN_INT_CONVERSION = YES;
				CLANG_WARN_NON_LITERAL_NULL_CONVERSION = YES;
				CLANG_WARN_OBJC_IMPLICIT_RETAIN_SELF = YES;
				CLANG_WARN_OBJC_LITERAL_CONVERSION = YES;
				CLANG_WARN_OBJC_ROOT_CLASS = YES_ERROR;
				CLANG_WARN_QUOTED_INCLUDE_IN_FRAMEWORK_HEADER = YES;
				CLANG_WARN_RANGE_LOOP_ANALYSIS = YES;
				CLANG_WARN_STRICT_PROTOTYPES = YES;
				CLANG_WARN_SUSPICIOUS_MOVE = YES;
				CLANG_WARN_UNGUARDED_AVAILABILITY = YES_AGGRESSIVE;
				CLANG_WARN_UNREACHABLE_CODE = YES;
				CLANG_WARN__DUPLICATE_METHOD_MATCH = YES;
				COPY_PHASE_STRIP = NO;
				DEBUG_INFORMATION_FORMAT = dwarf;
				ENABLE_STRICT_OBJC_MSGSEND = YES;
				ENABLE_TESTABILITY = YES;
				GCC_C_LANGUAGE_STANDARD = gnu11;
				GCC_DYNAMIC_NO_PIC = NO;
				GCC_NO_COMMON_BLOCKS = YES;
				GCC_OPTIMIZATION_LEVEL = 0;
				GCC_PREPROCESSOR_DEFINITIONS = (
					"DEBUG=1",
					"$(inherited)",
				);
				GCC_WARN_64_TO_32_BIT_CONVERSION = YES;
				GCC_WARN_ABOUT_RETURN_TYPE = YES_ERROR;
				GCC_WARN_UNDECLARED_SELECTOR = YES;
				GCC_WARN_UNINITIALIZED_AUTOS = YES_AGGRESSIVE;
				GCC_WARN_UNUSED_FUNCTION = YES;
				GCC_WARN_UNUSED_VARIABLE = YES;
				IPHONEOS_DEPLOYMENT_TARGET = 14.4;
				MTL_ENABLE_DEBUG_INFO = INCLUDE_SOURCE;
				MTL_FAST_MATH = YES;
				ONLY_ACTIVE_ARCH = YES;
				SDKROOT = iphoneos;
				SWIFT_ACTIVE_COMPILATION_CONDITIONS = DEBUG;
				SWIFT_OPTIMIZATION_LEVEL = "-Onone";
			};
			name = Debug;
		};
		249C65D525EF7118003CDFDA /* Release */ = {
			isa = XCBuildConfiguration;
			buildSettings = {
				ALWAYS_SEARCH_USER_PATHS = NO;
				CLANG_ANALYZER_NONNULL = YES;
				CLANG_ANALYZER_NUMBER_OBJECT_CONVERSION = YES_AGGRESSIVE;
				CLANG_CXX_LANGUAGE_STANDARD = "gnu++14";
				CLANG_CXX_LIBRARY = "libc++";
				CLANG_ENABLE_MODULES = YES;
				CLANG_ENABLE_OBJC_ARC = YES;
				CLANG_ENABLE_OBJC_WEAK = YES;
				CLANG_WARN_BLOCK_CAPTURE_AUTORELEASING = YES;
				CLANG_WARN_BOOL_CONVERSION = YES;
				CLANG_WARN_COMMA = YES;
				CLANG_WARN_CONSTANT_CONVERSION = YES;
				CLANG_WARN_DEPRECATED_OBJC_IMPLEMENTATIONS = YES;
				CLANG_WARN_DIRECT_OBJC_ISA_USAGE = YES_ERROR;
				CLANG_WARN_DOCUMENTATION_COMMENTS = YES;
				CLANG_WARN_EMPTY_BODY = YES;
				CLANG_WARN_ENUM_CONVERSION = YES;
				CLANG_WARN_INFINITE_RECURSION = YES;
				CLANG_WARN_INT_CONVERSION = YES;
				CLANG_WARN_NON_LITERAL_NULL_CONVERSION = YES;
				CLANG_WARN_OBJC_IMPLICIT_RETAIN_SELF = YES;
				CLANG_WARN_OBJC_LITERAL_CONVERSION = YES;
				CLANG_WARN_OBJC_ROOT_CLASS = YES_ERROR;
				CLANG_WARN_QUOTED_INCLUDE_IN_FRAMEWORK_HEADER = YES;
				CLANG_WARN_RANGE_LOOP_ANALYSIS = YES;
				CLANG_WARN_STRICT_PROTOTYPES = YES;
				CLANG_WARN_SUSPICIOUS_MOVE = YES;
				CLANG_WARN_UNGUARDED_AVAILABILITY = YES_AGGRESSIVE;
				CLANG_WARN_UNREACHABLE_CODE = YES;
				CLANG_WARN__DUPLICATE_METHOD_MATCH = YES;
				COPY_PHASE_STRIP = NO;
				DEBUG_INFORMATION_FORMAT = "dwarf-with-dsym";
				ENABLE_NS_ASSERTIONS = NO;
				ENABLE_STRICT_OBJC_MSGSEND = YES;
				GCC_C_LANGUAGE_STANDARD = gnu11;
				GCC_NO_COMMON_BLOCKS = YES;
				GCC_WARN_64_TO_32_BIT_CONVERSION = YES;
				GCC_WARN_ABOUT_RETURN_TYPE = YES_ERROR;
				GCC_WARN_UNDECLARED_SELECTOR = YES;
				GCC_WARN_UNINITIALIZED_AUTOS = YES_AGGRESSIVE;
				GCC_WARN_UNUSED_FUNCTION = YES;
				GCC_WARN_UNUSED_VARIABLE = YES;
				IPHONEOS_DEPLOYMENT_TARGET = 14.4;
				MTL_ENABLE_DEBUG_INFO = NO;
				MTL_FAST_MATH = YES;
				SDKROOT = iphoneos;
				SWIFT_COMPILATION_MODE = wholemodule;
				SWIFT_OPTIMIZATION_LEVEL = "-O";
				VALIDATE_PRODUCT = YES;
			};
			name = Release;
		};
		249C65D725EF7118003CDFDA /* Debug */ = {
			isa = XCBuildConfiguration;
			buildSettings = {
				ASSETCATALOG_COMPILER_APPICON_NAME = AppIcon;
				ASSETCATALOG_COMPILER_GLOBAL_ACCENT_COLOR_NAME = AccentColor;
				CODE_SIGN_STYLE = Automatic;
				DEVELOPMENT_ASSET_PATHS = "\"Landmarks/Preview Content\"";
				DEVELOPMENT_TEAM = 588KRL7MS6;
				ENABLE_PREVIEWS = YES;
				INFOPLIST_FILE = Landmarks/Info.plist;
				IPHONEOS_DEPLOYMENT_TARGET = 14.0;
				LD_RUNPATH_SEARCH_PATHS = (
					"$(inherited)",
					"@executable_path/Frameworks",
				);
				PRODUCT_BUNDLE_IDENTIFIER = "SwiftUI-Tutorials.Landmarks";
				PRODUCT_NAME = "$(TARGET_NAME)";
				SWIFT_VERSION = 5.0;
				TARGETED_DEVICE_FAMILY = "1,2";
			};
			name = Debug;
		};
		249C65D825EF7118003CDFDA /* Release */ = {
			isa = XCBuildConfiguration;
			buildSettings = {
				ASSETCATALOG_COMPILER_APPICON_NAME = AppIcon;
				ASSETCATALOG_COMPILER_GLOBAL_ACCENT_COLOR_NAME = AccentColor;
				CODE_SIGN_STYLE = Automatic;
				DEVELOPMENT_ASSET_PATHS = "\"Landmarks/Preview Content\"";
				DEVELOPMENT_TEAM = 588KRL7MS6;
				ENABLE_PREVIEWS = YES;
				INFOPLIST_FILE = Landmarks/Info.plist;
				IPHONEOS_DEPLOYMENT_TARGET = 14.0;
				LD_RUNPATH_SEARCH_PATHS = (
					"$(inherited)",
					"@executable_path/Frameworks",
				);
				PRODUCT_BUNDLE_IDENTIFIER = "SwiftUI-Tutorials.Landmarks";
				PRODUCT_NAME = "$(TARGET_NAME)";
				SWIFT_VERSION = 5.0;
				TARGETED_DEVICE_FAMILY = "1,2";
			};
			name = Release;
		};
		249C65DA25EF7118003CDFDA /* Debug */ = {
			isa = XCBuildConfiguration;
			buildSettings = {
				ALWAYS_EMBED_SWIFT_STANDARD_LIBRARIES = YES;
				BUNDLE_LOADER = "$(TEST_HOST)";
				CODE_SIGN_STYLE = Automatic;
				DEVELOPMENT_TEAM = 588KRL7MS6;
				INFOPLIST_FILE = LandmarksTests/Info.plist;
				IPHONEOS_DEPLOYMENT_TARGET = 14.0;
				LD_RUNPATH_SEARCH_PATHS = (
					"$(inherited)",
					"@executable_path/Frameworks",
					"@loader_path/Frameworks",
				);
				PRODUCT_BUNDLE_IDENTIFIER = "SwiftUI-Tutorials.LandmarksTests";
				PRODUCT_NAME = "$(TARGET_NAME)";
				SWIFT_VERSION = 5.0;
				TARGETED_DEVICE_FAMILY = "1,2";
				TEST_HOST = "$(BUILT_PRODUCTS_DIR)/Landmarks.app/Landmarks";
			};
			name = Debug;
		};
		249C65DB25EF7118003CDFDA /* Release */ = {
			isa = XCBuildConfiguration;
			buildSettings = {
				ALWAYS_EMBED_SWIFT_STANDARD_LIBRARIES = YES;
				BUNDLE_LOADER = "$(TEST_HOST)";
				CODE_SIGN_STYLE = Automatic;
				DEVELOPMENT_TEAM = 588KRL7MS6;
				INFOPLIST_FILE = LandmarksTests/Info.plist;
				IPHONEOS_DEPLOYMENT_TARGET = 14.0;
				LD_RUNPATH_SEARCH_PATHS = (
					"$(inherited)",
					"@executable_path/Frameworks",
					"@loader_path/Frameworks",
				);
				PRODUCT_BUNDLE_IDENTIFIER = "SwiftUI-Tutorials.LandmarksTests";
				PRODUCT_NAME = "$(TARGET_NAME)";
				SWIFT_VERSION = 5.0;
				TARGETED_DEVICE_FAMILY = "1,2";
				TEST_HOST = "$(BUILT_PRODUCTS_DIR)/Landmarks.app/Landmarks";
			};
			name = Release;
		};
		249C65DD25EF7118003CDFDA /* Debug */ = {
			isa = XCBuildConfiguration;
			buildSettings = {
				ALWAYS_EMBED_SWIFT_STANDARD_LIBRARIES = YES;
				CODE_SIGN_STYLE = Automatic;
				DEVELOPMENT_TEAM = 588KRL7MS6;
				INFOPLIST_FILE = LandmarksUITests/Info.plist;
				LD_RUNPATH_SEARCH_PATHS = (
					"$(inherited)",
					"@executable_path/Frameworks",
					"@loader_path/Frameworks",
				);
				PRODUCT_BUNDLE_IDENTIFIER = "SwiftUI-Tutorials.LandmarksUITests";
				PRODUCT_NAME = "$(TARGET_NAME)";
				SWIFT_VERSION = 5.0;
				TARGETED_DEVICE_FAMILY = "1,2";
				TEST_TARGET_NAME = Landmarks;
			};
			name = Debug;
		};
		249C65DE25EF7118003CDFDA /* Release */ = {
			isa = XCBuildConfiguration;
			buildSettings = {
				ALWAYS_EMBED_SWIFT_STANDARD_LIBRARIES = YES;
				CODE_SIGN_STYLE = Automatic;
				DEVELOPMENT_TEAM = 588KRL7MS6;
				INFOPLIST_FILE = LandmarksUITests/Info.plist;
				LD_RUNPATH_SEARCH_PATHS = (
					"$(inherited)",
					"@executable_path/Frameworks",
					"@loader_path/Frameworks",
				);
				PRODUCT_BUNDLE_IDENTIFIER = "SwiftUI-Tutorials.LandmarksUITests";
				PRODUCT_NAME = "$(TARGET_NAME)";
				SWIFT_VERSION = 5.0;
				TARGETED_DEVICE_FAMILY = "1,2";
				TEST_TARGET_NAME = Landmarks;
			};
			name = Release;
		};
/* End XCBuildConfiguration section */

/* Begin XCConfigurationList section */
		249C65AC25EF7116003CDFDA /* Build configuration list for PBXProject "Landmarks" */ = {
			isa = XCConfigurationList;
			buildConfigurations = (
				249C65D425EF7118003CDFDA /* Debug */,
				249C65D525EF7118003CDFDA /* Release */,
			);
			defaultConfigurationIsVisible = 0;
			defaultConfigurationName = Release;
		};
		249C65D625EF7118003CDFDA /* Build configuration list for PBXNativeTarget "Landmarks" */ = {
			isa = XCConfigurationList;
			buildConfigurations = (
				249C65D725EF7118003CDFDA /* Debug */,
				249C65D825EF7118003CDFDA /* Release */,
			);
			defaultConfigurationIsVisible = 0;
			defaultConfigurationName = Release;
		};
		249C65D925EF7118003CDFDA /* Build configuration list for PBXNativeTarget "LandmarksTests" */ = {
			isa = XCConfigurationList;
			buildConfigurations = (
				249C65DA25EF7118003CDFDA /* Debug */,
				249C65DB25EF7118003CDFDA /* Release */,
			);
			defaultConfigurationIsVisible = 0;
			defaultConfigurationName = Release;
		};
		249C65DC25EF7118003CDFDA /* Build configuration list for PBXNativeTarget "LandmarksUITests" */ = {
			isa = XCConfigurationList;
			buildConfigurations = (
				249C65DD25EF7118003CDFDA /* Debug */,
				249C65DE25EF7118003CDFDA /* Release */,
			);
			defaultConfigurationIsVisible = 0;
			defaultConfigurationName = Release;
		};
/* End XCConfigurationList section */
	};
	rootObject = 249C65A925EF7116003CDFDA /* Project object */;
}
